
Microsoft Visual Studio Solution File, Format Version 12.00
# Visual Studio 15
VisualStudioVersion = 15.0.27130.2027
MinimumVisualStudioVersion = 10.0.40219.1
Project("{8BC9CEB8-8B4A-11D0-8D11-00A0C91BC942}") = "Gridding", "Source\Gridding.vcxproj", "{02197E84-BD61-459A-B230-19482AA6EE0E}"
EndProject
Global
	GlobalSection(SolutionConfigurationPlatforms) = preSolution
		Debug|x64 = Debug|x64
		Release|x64 = Release|x64
	EndGlobalSection
	GlobalSection(ProjectConfigurationPlatforms) = postSolution
		{02197E84-BD61-459A-B230-19482AA6EE0E}.Debug|x64.ActiveCfg = Debug|x64
		{02197E84-BD61-459A-B230-19482AA6EE0E}.Debug|x64.Build.0 = Debug|x64
		{02197E84-BD61-459A-B230-19482AA6EE0E}.Release|x64.ActiveCfg = Release|x64
		{02197E84-BD61-459A-B230-19482AA6EE0E}.Release|x64.Build.0 = Release|x64
	EndGlobalSection
	GlobalSection(SolutionProperties) = preSolution
		HideSolutionNode = FALSE
	EndGlobalSection
	GlobalSection(ExtensibilityGlobals) = postSolution
		SolutionGuid = {725C81CB-C729-40FF-95BE-92EA142DA608}
	EndGlobalSection
EndGlobal
